
Microsoft Visual Studio Solution File, Format Version 12.00
# Visual Studio Version 16
VisualStudioVersion = 16.0.31410.357
MinimumVisualStudioVersion = 10.0.40219.1
Project("{9A19103F-16F7-4668-BE54-9A1E7A4F7556}") = "SaTeatar", "SaTeatar\SaTeatar.csproj", "{7C348CB6-8DCB-4AF2-B168-C6D518E7DD2C}"
EndProject
Project("{9A19103F-16F7-4668-BE54-9A1E7A4F7556}") = "SaTeatar.Model", "SaTeatar.Model\SaTeatar.Model.csproj", "{666305D8-8E00-468D-80EC-16C6EF8169C0}"
EndProject
Project("{FAE04EC0-301F-11D3-BF4B-00C04F79EFBC}") = "SaTeatar.WinUI", "SaTeatar.WinUI\SaTeatar.WinUI.csproj", "{FF6371F1-DD14-484B-94E9-EE68677E1EF8}"
EndProject
Project("{FAE04EC0-301F-11D3-BF4B-00C04F79EFBC}") = "SaTeatar.Mobile.UWP", "..\SaTeatar.Mobile\SaTeatar.Mobile.UWP\SaTeatar.Mobile.UWP.csproj", "{3D847BDE-BE37-4433-8686-F5A0677DB2B9}"
EndProject
Project("{FAE04EC0-301F-11D3-BF4B-00C04F79EFBC}") = "SaTeatar.Mobile.Android", "..\SaTeatar.Mobile\SaTeatar.Mobile.Android\SaTeatar.Mobile.Android.csproj", "{22AB27D8-3F31-4FCC-8A72-C274605B0BA4}"
EndProject
Project("{FAE04EC0-301F-11D3-BF4B-00C04F79EFBC}") = "SaTeatar.Mobile.iOS", "..\SaTeatar.Mobile\SaTeatar.Mobile.iOS\SaTeatar.Mobile.iOS.csproj", "{281E282C-0FC7-4BB3-9F15-E22AA0773FF4}"
EndProject
Project("{9A19103F-16F7-4668-BE54-9A1E7A4F7556}") = "SaTeatar.Mobile", "..\SaTeatar.Mobile\SaTeatar.Mobile\SaTeatar.Mobile.csproj", "{11732E3F-A0C5-497A-AE07-5070AF76E219}"
EndProject
Global
	GlobalSection(SolutionConfigurationPlatforms) = preSolution
		Debug|Any CPU = Debug|Any CPU
		Debug|ARM = Debug|ARM
		Debug|iPhone = Debug|iPhone
		Debug|iPhoneSimulator = Debug|iPhoneSimulator
		Debug|x64 = Debug|x64
		Debug|x86 = Debug|x86
		Release|Any CPU = Release|Any CPU
		Release|ARM = Release|ARM
		Release|iPhone = Release|iPhone
		Release|iPhoneSimulator = Release|iPhoneSimulator
		Release|x64 = Release|x64
		Release|x86 = Release|x86
	EndGlobalSection
	GlobalSection(ProjectConfigurationPlatforms) = postSolution
		{7C348CB6-8DCB-4AF2-B168-C6D518E7DD2C}.Debug|Any CPU.ActiveCfg = Debug|Any CPU
		{7C348CB6-8DCB-4AF2-B168-C6D518E7DD2C}.Debug|Any CPU.Build.0 = Debug|Any CPU
		{7C348CB6-8DCB-4AF2-B168-C6D518E7DD2C}.Debug|ARM.ActiveCfg = Debug|Any CPU
		{7C348CB6-8DCB-4AF2-B168-C6D518E7DD2C}.Debug|ARM.Build.0 = Debug|Any CPU
		{7C348CB6-8DCB-4AF2-B168-C6D518E7DD2C}.Debug|iPhone.ActiveCfg = Debug|Any CPU
		{7C348CB6-8DCB-4AF2-B168-C6D518E7DD2C}.Debug|iPhone.Build.0 = Debug|Any CPU
		{7C348CB6-8DCB-4AF2-B168-C6D518E7DD2C}.Debug|iPhoneSimulator.ActiveCfg = Debug|Any CPU
		{7C348CB6-8DCB-4AF2-B168-C6D518E7DD2C}.Debug|iPhoneSimulator.Build.0 = Debug|Any CPU
		{7C348CB6-8DCB-4AF2-B168-C6D518E7DD2C}.Debug|x64.ActiveCfg = Debug|Any CPU
		{7C348CB6-8DCB-4AF2-B168-C6D518E7DD2C}.Debug|x64.Build.0 = Debug|Any CPU
		{7C348CB6-8DCB-4AF2-B168-C6D518E7DD2C}.Debug|x86.ActiveCfg = Debug|Any CPU
		{7C348CB6-8DCB-4AF2-B168-C6D518E7DD2C}.Debug|x86.Build.0 = Debug|Any CPU
		{7C348CB6-8DCB-4AF2-B168-C6D518E7DD2C}.Release|Any CPU.ActiveCfg = Release|Any CPU
		{7C348CB6-8DCB-4AF2-B168-C6D518E7DD2C}.Release|Any CPU.Build.0 = Release|Any CPU
		{7C348CB6-8DCB-4AF2-B168-C6D518E7DD2C}.Release|ARM.ActiveCfg = Release|Any CPU
		{7C348CB6-8DCB-4AF2-B168-C6D518E7DD2C}.Release|ARM.Build.0 = Release|Any CPU
		{7C348CB6-8DCB-4AF2-B168-C6D518E7DD2C}.Release|iPhone.ActiveCfg = Release|Any CPU
		{7C348CB6-8DCB-4AF2-B168-C6D518E7DD2C}.Release|iPhone.Build.0 = Release|Any CPU
		{7C348CB6-8DCB-4AF2-B168-C6D518E7DD2C}.Release|iPhoneSimulator.ActiveCfg = Release|Any CPU
		{7C348CB6-8DCB-4AF2-B168-C6D518E7DD2C}.Release|iPhoneSimulator.Build.0 = Release|Any CPU
		{7C348CB6-8DCB-4AF2-B168-C6D518E7DD2C}.Release|x64.ActiveCfg = Release|Any CPU
		{7C348CB6-8DCB-4AF2-B168-C6D518E7DD2C}.Release|x64.Build.0 = Release|Any CPU
		{7C348CB6-8DCB-4AF2-B168-C6D518E7DD2C}.Release|x86.ActiveCfg = Release|Any CPU
		{7C348CB6-8DCB-4AF2-B168-C6D518E7DD2C}.Release|x86.Build.0 = Release|Any CPU
		{666305D8-8E00-468D-80EC-16C6EF8169C0}.Debug|Any CPU.ActiveCfg = Debug|Any CPU
		{666305D8-8E00-468D-80EC-16C6EF8169C0}.Debug|Any CPU.Build.0 = Debug|Any CPU
		{666305D8-8E00-468D-80EC-16C6EF8169C0}.Debug|ARM.ActiveCfg = Debug|Any CPU
		{666305D8-8E00-468D-80EC-16C6EF8169C0}.Debug|ARM.Build.0 = Debug|Any CPU
		{666305D8-8E00-468D-80EC-16C6EF8169C0}.Debug|iPhone.ActiveCfg = Debug|Any CPU
		{666305D8-8E00-468D-80EC-16C6EF8169C0}.Debug|iPhone.Build.0 = Debug|Any CPU
		{666305D8-8E00-468D-80EC-16C6EF8169C0}.Debug|iPhoneSimulator.ActiveCfg = Debug|Any CPU
		{666305D8-8E00-468D-80EC-16C6EF8169C0}.Debug|iPhoneSimulator.Build.0 = Debug|Any CPU
		{666305D8-8E00-468D-80EC-16C6EF8169C0}.Debug|x64.ActiveCfg = Debug|Any CPU
		{666305D8-8E00-468D-80EC-16C6EF8169C0}.Debug|x64.Build.0 = Debug|Any CPU
		{666305D8-8E00-468D-80EC-16C6EF8169C0}.Debug|x86.ActiveCfg = Debug|Any CPU
		{666305D8-8E00-468D-80EC-16C6EF8169C0}.Debug|x86.Build.0 = Debug|Any CPU
		{666305D8-8E00-468D-80EC-16C6EF8169C0}.Release|Any CPU.ActiveCfg = Release|Any CPU
		{666305D8-8E00-468D-80EC-16C6EF8169C0}.Release|Any CPU.Build.0 = Release|Any CPU
		{666305D8-8E00-468D-80EC-16C6EF8169C0}.Release|ARM.ActiveCfg = Release|Any CPU
		{666305D8-8E00-468D-80EC-16C6EF8169C0}.Release|ARM.Build.0 = Release|Any CPU
		{666305D8-8E00-468D-80EC-16C6EF8169C0}.Release|iPhone.ActiveCfg = Release|Any CPU
		{666305D8-8E00-468D-80EC-16C6EF8169C0}.Release|iPhone.Build.0 = Release|Any CPU
		{666305D8-8E00-468D-80EC-16C6EF8169C0}.Release|iPhoneSimulator.ActiveCfg = Release|Any CPU
		{666305D8-8E00-468D-80EC-16C6EF8169C0}.Release|iPhoneSimulator.Build.0 = Release|Any CPU
		{666305D8-8E00-468D-80EC-16C6EF8169C0}.Release|x64.ActiveCfg = Release|Any CPU
		{666305D8-8E00-468D-80EC-16C6EF8169C0}.Release|x64.Build.0 = Release|Any CPU
		{666305D8-8E00-468D-80EC-16C6EF8169C0}.Release|x86.ActiveCfg = Release|Any CPU
		{666305D8-8E00-468D-80EC-16C6EF8169C0}.Release|x86.Build.0 = Release|Any CPU
		{FF6371F1-DD14-484B-94E9-EE68677E1EF8}.Debug|Any CPU.ActiveCfg = Debug|Any CPU
		{FF6371F1-DD14-484B-94E9-EE68677E1EF8}.Debug|Any CPU.Build.0 = Debug|Any CPU
		{FF6371F1-DD14-484B-94E9-EE68677E1EF8}.Debug|ARM.ActiveCfg = Debug|Any CPU
		{FF6371F1-DD14-484B-94E9-EE68677E1EF8}.Debug|ARM.Build.0 = Debug|Any CPU
		{FF6371F1-DD14-484B-94E9-EE68677E1EF8}.Debug|iPhone.ActiveCfg = Debug|Any CPU
		{FF6371F1-DD14-484B-94E9-EE68677E1EF8}.Debug|iPhone.Build.0 = Debug|Any CPU
		{FF6371F1-DD14-484B-94E9-EE68677E1EF8}.Debug|iPhoneSimulator.ActiveCfg = Debug|Any CPU
		{FF6371F1-DD14-484B-94E9-EE68677E1EF8}.Debug|iPhoneSimulator.Build.0 = Debug|Any CPU
		{FF6371F1-DD14-484B-94E9-EE68677E1EF8}.Debug|x64.ActiveCfg = Debug|Any CPU
		{FF6371F1-DD14-484B-94E9-EE68677E1EF8}.Debug|x64.Build.0 = Debug|Any CPU
		{FF6371F1-DD14-484B-94E9-EE68677E1EF8}.Debug|x86.ActiveCfg = Debug|Any CPU
		{FF6371F1-DD14-484B-94E9-EE68677E1EF8}.Debug|x86.Build.0 = Debug|Any CPU
		{FF6371F1-DD14-484B-94E9-EE68677E1EF8}.Release|Any CPU.ActiveCfg = Release|Any CPU
		{FF6371F1-DD14-484B-94E9-EE68677E1EF8}.Release|Any CPU.Build.0 = Release|Any CPU
		{FF6371F1-DD14-484B-94E9-EE68677E1EF8}.Release|ARM.ActiveCfg = Release|Any CPU
		{FF6371F1-DD14-484B-94E9-EE68677E1EF8}.Release|ARM.Build.0 = Release|Any CPU
		{FF6371F1-DD14-484B-94E9-EE68677E1EF8}.Release|iPhone.ActiveCfg = Release|Any CPU
		{FF6371F1-DD14-484B-94E9-EE68677E1EF8}.Release|iPhone.Build.0 = Release|Any CPU
		{FF6371F1-DD14-484B-94E9-EE68677E1EF8}.Release|iPhoneSimulator.ActiveCfg = Release|Any CPU
		{FF6371F1-DD14-484B-94E9-EE68677E1EF8}.Release|iPhoneSimulator.Build.0 = Release|Any CPU
		{FF6371F1-DD14-484B-94E9-EE68677E1EF8}.Release|x64.ActiveCfg = Release|Any CPU
		{FF6371F1-DD14-484B-94E9-EE68677E1EF8}.Release|x64.Build.0 = Release|Any CPU
		{FF6371F1-DD14-484B-94E9-EE68677E1EF8}.Release|x86.ActiveCfg = Release|Any CPU
		{FF6371F1-DD14-484B-94E9-EE68677E1EF8}.Release|x86.Build.0 = Release|Any CPU
		{3D847BDE-BE37-4433-8686-F5A0677DB2B9}.Debug|Any CPU.ActiveCfg = Debug|x86
		{3D847BDE-BE37-4433-8686-F5A0677DB2B9}.Debug|Any CPU.Build.0 = Debug|x86
		{3D847BDE-BE37-4433-8686-F5A0677DB2B9}.Debug|Any CPU.Deploy.0 = Debug|x86
		{3D847BDE-BE37-4433-8686-F5A0677DB2B9}.Debug|ARM.ActiveCfg = Debug|ARM
		{3D847BDE-BE37-4433-8686-F5A0677DB2B9}.Debug|ARM.Build.0 = Debug|ARM
		{3D847BDE-BE37-4433-8686-F5A0677DB2B9}.Debug|ARM.Deploy.0 = Debug|ARM
		{3D847BDE-BE37-4433-8686-F5A0677DB2B9}.Debug|iPhone.ActiveCfg = Debug|x86
		{3D847BDE-BE37-4433-8686-F5A0677DB2B9}.Debug|iPhoneSimulator.ActiveCfg = Debug|x86
		{3D847BDE-BE37-4433-8686-F5A0677DB2B9}.Debug|x64.ActiveCfg = Debug|x64
		{3D847BDE-BE37-4433-8686-F5A0677DB2B9}.Debug|x64.Build.0 = Debug|x64
		{3D847BDE-BE37-4433-8686-F5A0677DB2B9}.Debug|x64.Deploy.0 = Debug|x64
		{3D847BDE-BE37-4433-8686-F5A0677DB2B9}.Debug|x86.ActiveCfg = Debug|x86
		{3D847BDE-BE37-4433-8686-F5A0677DB2B9}.Debug|x86.Build.0 = Debug|x86
		{3D847BDE-BE37-4433-8686-F5A0677DB2B9}.Debug|x86.Deploy.0 = Debug|x86
		{3D847BDE-BE37-4433-8686-F5A0677DB2B9}.Release|Any CPU.ActiveCfg = Release|x86
		{3D847BDE-BE37-4433-8686-F5A0677DB2B9}.Release|ARM.ActiveCfg = Release|ARM
		{3D847BDE-BE37-4433-8686-F5A0677DB2B9}.Release|ARM.Build.0 = Release|ARM
		{3D847BDE-BE37-4433-8686-F5A0677DB2B9}.Release|ARM.Deploy.0 = Release|ARM
		{3D847BDE-BE37-4433-8686-F5A0677DB2B9}.Release|iPhone.ActiveCfg = Release|x86
		{3D847BDE-BE37-4433-8686-F5A0677DB2B9}.Release|iPhoneSimulator.ActiveCfg = Release|x86
		{3D847BDE-BE37-4433-8686-F5A0677DB2B9}.Release|x64.ActiveCfg = Release|x64
		{3D847BDE-BE37-4433-8686-F5A0677DB2B9}.Release|x64.Build.0 = Release|x64
		{3D847BDE-BE37-4433-8686-F5A0677DB2B9}.Release|x64.Deploy.0 = Release|x64
		{3D847BDE-BE37-4433-8686-F5A0677DB2B9}.Release|x86.ActiveCfg = Release|x86
		{3D847BDE-BE37-4433-8686-F5A0677DB2B9}.Release|x86.Build.0 = Release|x86
		{3D847BDE-BE37-4433-8686-F5A0677DB2B9}.Release|x86.Deploy.0 = Release|x86
		{22AB27D8-3F31-4FCC-8A72-C274605B0BA4}.Debug|Any CPU.ActiveCfg = Debug|Any CPU
		{22AB27D8-3F31-4FCC-8A72-C274605B0BA4}.Debug|Any CPU.Build.0 = Debug|Any CPU
		{22AB27D8-3F31-4FCC-8A72-C274605B0BA4}.Debug|Any CPU.Deploy.0 = Debug|Any CPU
		{22AB27D8-3F31-4FCC-8A72-C274605B0BA4}.Debug|ARM.ActiveCfg = Debug|Any CPU
		{22AB27D8-3F31-4FCC-8A72-C274605B0BA4}.Debug|ARM.Build.0 = Debug|Any CPU
		{22AB27D8-3F31-4FCC-8A72-C274605B0BA4}.Debug|ARM.Deploy.0 = Debug|Any CPU
		{22AB27D8-3F31-4FCC-8A72-C274605B0BA4}.Debug|iPhone.ActiveCfg = Debug|Any CPU
		{22AB27D8-3F31-4FCC-8A72-C274605B0BA4}.Debug|iPhone.Build.0 = Debug|Any CPU
		{22AB27D8-3F31-4FCC-8A72-C274605B0BA4}.Debug|iPhone.Deploy.0 = Debug|Any CPU
		{22AB27D8-3F31-4FCC-8A72-C274605B0BA4}.Debug|iPhoneSimulator.ActiveCfg = Debug|Any CPU
		{22AB27D8-3F31-4FCC-8A72-C274605B0BA4}.Debug|iPhoneSimulator.Build.0 = Debug|Any CPU
		{22AB27D8-3F31-4FCC-8A72-C274605B0BA4}.Debug|iPhoneSimulator.Deploy.0 = Debug|Any CPU
		{22AB27D8-3F31-4FCC-8A72-C274605B0BA4}.Debug|x64.ActiveCfg = Debug|Any CPU
		{22AB27D8-3F31-4FCC-8A72-C274605B0BA4}.Debug|x64.Build.0 = Debug|Any CPU
		{22AB27D8-3F31-4FCC-8A72-C274605B0BA4}.Debug|x64.Deploy.0 = Debug|Any CPU
		{22AB27D8-3F31-4FCC-8A72-C274605B0BA4}.Debug|x86.ActiveCfg = Debug|Any CPU
		{22AB27D8-3F31-4FCC-8A72-C274605B0BA4}.Debug|x86.Build.0 = Debug|Any CPU
		{22AB27D8-3F31-4FCC-8A72-C274605B0BA4}.Debug|x86.Deploy.0 = Debug|Any CPU
		{22AB27D8-3F31-4FCC-8A72-C274605B0BA4}.Release|Any CPU.ActiveCfg = Release|Any CPU
		{22AB27D8-3F31-4FCC-8A72-C274605B0BA4}.Release|Any CPU.Build.0 = Release|Any CPU
		{22AB27D8-3F31-4FCC-8A72-C274605B0BA4}.Release|Any CPU.Deploy.0 = Release|Any CPU
		{22AB27D8-3F31-4FCC-8A72-C274605B0BA4}.Release|ARM.ActiveCfg = Release|Any CPU
		{22AB27D8-3F31-4FCC-8A72-C274605B0BA4}.Release|ARM.Build.0 = Release|Any CPU
		{22AB27D8-3F31-4FCC-8A72-C274605B0BA4}.Release|ARM.Deploy.0 = Release|Any CPU
		{22AB27D8-3F31-4FCC-8A72-C274605B0BA4}.Release|iPhone.ActiveCfg = Release|Any CPU
		{22AB27D8-3F31-4FCC-8A72-C274605B0BA4}.Release|iPhone.Build.0 = Release|Any CPU
		{22AB27D8-3F31-4FCC-8A72-C274605B0BA4}.Release|iPhone.Deploy.0 = Release|Any CPU
		{22AB27D8-3F31-4FCC-8A72-C274605B0BA4}.Release|iPhoneSimulator.ActiveCfg = Release|Any CPU
		{22AB27D8-3F31-4FCC-8A72-C274605B0BA4}.Release|iPhoneSimulator.Build.0 = Release|Any CPU
		{22AB27D8-3F31-4FCC-8A72-C274605B0BA4}.Release|iPhoneSimulator.Deploy.0 = Release|Any CPU
		{22AB27D8-3F31-4FCC-8A72-C274605B0BA4}.Release|x64.ActiveCfg = Release|Any CPU
		{22AB27D8-3F31-4FCC-8A72-C274605B0BA4}.Release|x64.Build.0 = Release|Any CPU
		{22AB27D8-3F31-4FCC-8A72-C274605B0BA4}.Release|x64.Deploy.0 = Release|Any CPU
		{22AB27D8-3F31-4FCC-8A72-C274605B0BA4}.Release|x86.ActiveCfg = Release|Any CPU
		{22AB27D8-3F31-4FCC-8A72-C274605B0BA4}.Release|x86.Build.0 = Release|Any CPU
		{22AB27D8-3F31-4FCC-8A72-C274605B0BA4}.Release|x86.Deploy.0 = Release|Any CPU
		{281E282C-0FC7-4BB3-9F15-E22AA0773FF4}.Debug|Any CPU.ActiveCfg = Debug|iPhoneSimulator
		{281E282C-0FC7-4BB3-9F15-E22AA0773FF4}.Debug|ARM.ActiveCfg = Debug|iPhoneSimulator
		{281E282C-0FC7-4BB3-9F15-E22AA0773FF4}.Debug|iPhone.ActiveCfg = Debug|iPhone
		{281E282C-0FC7-4BB3-9F15-E22AA0773FF4}.Debug|iPhone.Build.0 = Debug|iPhone
		{281E282C-0FC7-4BB3-9F15-E22AA0773FF4}.Debug|iPhoneSimulator.ActiveCfg = Debug|iPhoneSimulator
		{281E282C-0FC7-4BB3-9F15-E22AA0773FF4}.Debug|iPhoneSimulator.Build.0 = Debug|iPhoneSimulator
		{281E282C-0FC7-4BB3-9F15-E22AA0773FF4}.Debug|x64.ActiveCfg = Debug|iPhoneSimulator
		{281E282C-0FC7-4BB3-9F15-E22AA0773FF4}.Debug|x86.ActiveCfg = Debug|iPhoneSimulator
		{281E282C-0FC7-4BB3-9F15-E22AA0773FF4}.Release|Any CPU.ActiveCfg = Release|iPhoneSimulator
		{281E282C-0FC7-4BB3-9F15-E22AA0773FF4}.Release|ARM.ActiveCfg = Release|iPhoneSimulator
		{281E282C-0FC7-4BB3-9F15-E22AA0773FF4}.Release|iPhone.ActiveCfg = Release|iPhone
		{281E282C-0FC7-4BB3-9F15-E22AA0773FF4}.Release|iPhone.Build.0 = Release|iPhone
		{281E282C-0FC7-4BB3-9F15-E22AA0773FF4}.Release|iPhoneSimulator.ActiveCfg = Release|iPhoneSimulator
		{281E282C-0FC7-4BB3-9F15-E22AA0773FF4}.Release|iPhoneSimulator.Build.0 = Release|iPhoneSimulator
		{281E282C-0FC7-4BB3-9F15-E22AA0773FF4}.Release|x64.ActiveCfg = Release|iPhoneSimulator
		{281E282C-0FC7-4BB3-9F15-E22AA0773FF4}.Release|x86.ActiveCfg = Release|iPhoneSimulator
		{11732E3F-A0C5-497A-AE07-5070AF76E219}.Debug|Any CPU.ActiveCfg = Debug|Any CPU
		{11732E3F-A0C5-497A-AE07-5070AF76E219}.Debug|Any CPU.Build.0 = Debug|Any CPU
		{11732E3F-A0C5-497A-AE07-5070AF76E219}.Debug|ARM.ActiveCfg = Debug|Any CPU
		{11732E3F-A0C5-497A-AE07-5070AF76E219}.Debug|ARM.Build.0 = Debug|Any CPU
		{11732E3F-A0C5-497A-AE07-5070AF76E219}.Debug|iPhone.ActiveCfg = Debug|Any CPU
		{11732E3F-A0C5-497A-AE07-5070AF76E219}.Debug|iPhone.Build.0 = Debug|Any CPU
		{11732E3F-A0C5-497A-AE07-5070AF76E219}.Debug|iPhoneSimulator.ActiveCfg = Debug|Any CPU
		{11732E3F-A0C5-497A-AE07-5070AF76E219}.Debug|iPhoneSimulator.Build.0 = Debug|Any CPU
		{11732E3F-A0C5-497A-AE07-5070AF76E219}.Debug|x64.ActiveCfg = Debug|Any CPU
		{11732E3F-A0C5-497A-AE07-5070AF76E219}.Debug|x64.Build.0 = Debug|Any CPU
		{11732E3F-A0C5-497A-AE07-5070AF76E219}.Debug|x86.ActiveCfg = Debug|Any CPU
		{11732E3F-A0C5-497A-AE07-5070AF76E219}.Debug|x86.Build.0 = Debug|Any CPU
		{11732E3F-A0C5-497A-AE07-5070AF76E219}.Release|Any CPU.ActiveCfg = Release|Any CPU
		{11732E3F-A0C5-497A-AE07-5070AF76E219}.Release|Any CPU.Build.0 = Release|Any CPU
		{11732E3F-A0C5-497A-AE07-5070AF76E219}.Release|ARM.ActiveCfg = Release|Any CPU
		{11732E3F-A0C5-497A-AE07-5070AF76E219}.Release|ARM.Build.0 = Release|Any CPU
		{11732E3F-A0C5-497A-AE07-5070AF76E219}.Release|iPhone.ActiveCfg = Release|Any CPU
		{11732E3F-A0C5-497A-AE07-5070AF76E219}.Release|iPhone.Build.0 = Release|Any CPU
		{11732E3F-A0C5-497A-AE07-5070AF76E219}.Release|iPhoneSimulator.ActiveCfg = Release|Any CPU
		{11732E3F-A0C5-497A-AE07-5070AF76E219}.Release|iPhoneSimulator.Build.0 = Release|Any CPU
		{11732E3F-A0C5-497A-AE07-5070AF76E219}.Release|x64.ActiveCfg = Release|Any CPU
		{11732E3F-A0C5-497A-AE07-5070AF76E219}.Release|x64.Build.0 = Release|Any CPU
		{11732E3F-A0C5-497A-AE07-5070AF76E219}.Release|x86.ActiveCfg = Release|Any CPU
		{11732E3F-A0C5-497A-AE07-5070AF76E219}.Release|x86.Build.0 = Release|Any CPU
	EndGlobalSection
	GlobalSection(SolutionProperties) = preSolution
		HideSolutionNode = FALSE
	EndGlobalSection
	GlobalSection(ExtensibilityGlobals) = postSolution
		SolutionGuid = {300CC09E-EBD5-47A1-B071-F8EECFE059AB}
	EndGlobalSection
EndGlobal
